
Microsoft Visual Studio Solution File, Format Version 12.00
# Visual Studio Version 16
VisualStudioVersion = 16.0.30330.147
MinimumVisualStudioVersion = 10.0.40219.1
Project("{2150E333-8FDC-42A3-9474-1A3956D46DE8}") = "src", "src", "{502C7BF9-0688-4EB0-ADDE-BE35C207FA89}"
EndProject
Project("{2150E333-8FDC-42A3-9474-1A3956D46DE8}") = "test", "test", "{9C280FDA-A325-4950-B4A6-33CE274C6EC2}"
EndProject
Project("{2150E333-8FDC-42A3-9474-1A3956D46DE8}") = "scripts", "scripts", "{36299EA3-0F57-4055-A034-B5AD529F0758}"
	ProjectSection(SolutionItems) = preProject
		Directory.Build.props = Directory.Build.props
		EPAM.Trainings.ruleset = EPAM.Trainings.ruleset
		nuget.config = nuget.config
		scripts\RunTicketManagementUI.bat = scripts\RunTicketManagementUI.bat
		stylecop.json = stylecop.json
	EndProjectSection
EndProject
Project("{9A19103F-16F7-4668-BE54-9A1E7A4F7556}") = "TicketManagement.UnitTests", "test\TicketManagement.UnitTests\TicketManagement.UnitTests.csproj", "{CFE11E48-1F94-4211-8575-AD5A22AEC16B}"
EndProject
Project("{9A19103F-16F7-4668-BE54-9A1E7A4F7556}") = "TicketManagement.DataAccess", "src\TicketManagement.DataAccess\TicketManagement.DataAccess.csproj", "{B3C3A030-1814-4DDA-A717-450DB031934A}"
EndProject
Project("{9A19103F-16F7-4668-BE54-9A1E7A4F7556}") = "TicketManagement.IntegrationTests", "test\TicketManagement.IntegrationTests\TicketManagement.IntegrationTests.csproj", "{5AE85D83-54C3-48FD-BB86-0EE15DC1B2C7}"
EndProject
Project("{9A19103F-16F7-4668-BE54-9A1E7A4F7556}") = "TicketManagement.Dto", "src\TicketManagement.Dto\TicketManagement.Dto.csproj", "{9DA863F2-26A2-47F6-8A91-8E7594CE9B80}"
EndProject
Project("{9A19103F-16F7-4668-BE54-9A1E7A4F7556}") = "TicketManagement.WebMVC", "src\TicketManagement.WebMVC\TicketManagement.WebMVC.csproj", "{2600E3F3-2301-4D0B-9A95-ED9310AD3989}"
EndProject
Project("{9A19103F-16F7-4668-BE54-9A1E7A4F7556}") = "Identity.API", "src\Identity.API\Identity.API.csproj", "{5D8FC698-B5FF-40BD-B6C7-6FC7F48E95CB}"
EndProject
Project("{2150E333-8FDC-42A3-9474-1A3956D46DE8}") = "Services", "Services", "{F24811DD-065B-4787-BA48-289E7066E8E8}"
EndProject
Project("{9A19103F-16F7-4668-BE54-9A1E7A4F7556}") = "EventFlow.API", "src\EventFlow.API\EventFlow.API.csproj", "{08D0462A-723A-47AB-B3A3-1C2AE3EAAF4B}"
EndProject
Project("{9A19103F-16F7-4668-BE54-9A1E7A4F7556}") = "Identity.Domain", "src\Identity.Models\Identity.Domain.csproj", "{06E779E1-DAD4-4EF8-B0A7-BF2A1D446228}"
EndProject
Project("{2150E333-8FDC-42A3-9474-1A3956D46DE8}") = "Databases", "Databases", "{65AF325F-FCD5-43AB-B9CA-86CF0875C3BC}"
EndProject
Project("{00D1A9C2-B5F0-4AF3-8072-F6C62B433612}") = "TicketManagement.Database", "src\TicketManagement.Database\TicketManagement.Database.sqlproj", "{91562FF3-2261-427D-A111-07B12A8116AA}"
EndProject
Global
	GlobalSection(SolutionConfigurationPlatforms) = preSolution
		Debug|Any CPU = Debug|Any CPU
		Release|Any CPU = Release|Any CPU
	EndGlobalSection
	GlobalSection(ProjectConfigurationPlatforms) = postSolution
		{CFE11E48-1F94-4211-8575-AD5A22AEC16B}.Debug|Any CPU.ActiveCfg = Debug|Any CPU
		{CFE11E48-1F94-4211-8575-AD5A22AEC16B}.Debug|Any CPU.Build.0 = Debug|Any CPU
		{CFE11E48-1F94-4211-8575-AD5A22AEC16B}.Release|Any CPU.ActiveCfg = Release|Any CPU
		{CFE11E48-1F94-4211-8575-AD5A22AEC16B}.Release|Any CPU.Build.0 = Release|Any CPU
		{B3C3A030-1814-4DDA-A717-450DB031934A}.Debug|Any CPU.ActiveCfg = Debug|Any CPU
		{B3C3A030-1814-4DDA-A717-450DB031934A}.Debug|Any CPU.Build.0 = Debug|Any CPU
		{B3C3A030-1814-4DDA-A717-450DB031934A}.Release|Any CPU.ActiveCfg = Release|Any CPU
		{B3C3A030-1814-4DDA-A717-450DB031934A}.Release|Any CPU.Build.0 = Release|Any CPU
		{5AE85D83-54C3-48FD-BB86-0EE15DC1B2C7}.Debug|Any CPU.ActiveCfg = Debug|Any CPU
		{5AE85D83-54C3-48FD-BB86-0EE15DC1B2C7}.Debug|Any CPU.Build.0 = Debug|Any CPU
		{5AE85D83-54C3-48FD-BB86-0EE15DC1B2C7}.Release|Any CPU.ActiveCfg = Release|Any CPU
		{5AE85D83-54C3-48FD-BB86-0EE15DC1B2C7}.Release|Any CPU.Build.0 = Release|Any CPU
		{9DA863F2-26A2-47F6-8A91-8E7594CE9B80}.Debug|Any CPU.ActiveCfg = Debug|Any CPU
		{9DA863F2-26A2-47F6-8A91-8E7594CE9B80}.Debug|Any CPU.Build.0 = Debug|Any CPU
		{9DA863F2-26A2-47F6-8A91-8E7594CE9B80}.Release|Any CPU.ActiveCfg = Release|Any CPU
		{9DA863F2-26A2-47F6-8A91-8E7594CE9B80}.Release|Any CPU.Build.0 = Release|Any CPU
		{2600E3F3-2301-4D0B-9A95-ED9310AD3989}.Debug|Any CPU.ActiveCfg = Debug|Any CPU
		{2600E3F3-2301-4D0B-9A95-ED9310AD3989}.Debug|Any CPU.Build.0 = Debug|Any CPU
		{2600E3F3-2301-4D0B-9A95-ED9310AD3989}.Release|Any CPU.ActiveCfg = Release|Any CPU
		{2600E3F3-2301-4D0B-9A95-ED9310AD3989}.Release|Any CPU.Build.0 = Release|Any CPU
		{5D8FC698-B5FF-40BD-B6C7-6FC7F48E95CB}.Debug|Any CPU.ActiveCfg = Debug|Any CPU
		{5D8FC698-B5FF-40BD-B6C7-6FC7F48E95CB}.Debug|Any CPU.Build.0 = Debug|Any CPU
		{5D8FC698-B5FF-40BD-B6C7-6FC7F48E95CB}.Release|Any CPU.ActiveCfg = Release|Any CPU
		{5D8FC698-B5FF-40BD-B6C7-6FC7F48E95CB}.Release|Any CPU.Build.0 = Release|Any CPU
		{08D0462A-723A-47AB-B3A3-1C2AE3EAAF4B}.Debug|Any CPU.ActiveCfg = Debug|Any CPU
		{08D0462A-723A-47AB-B3A3-1C2AE3EAAF4B}.Debug|Any CPU.Build.0 = Debug|Any CPU
		{08D0462A-723A-47AB-B3A3-1C2AE3EAAF4B}.Release|Any CPU.ActiveCfg = Release|Any CPU
		{08D0462A-723A-47AB-B3A3-1C2AE3EAAF4B}.Release|Any CPU.Build.0 = Release|Any CPU
		{06E779E1-DAD4-4EF8-B0A7-BF2A1D446228}.Debug|Any CPU.ActiveCfg = Debug|Any CPU
		{06E779E1-DAD4-4EF8-B0A7-BF2A1D446228}.Debug|Any CPU.Build.0 = Debug|Any CPU
		{06E779E1-DAD4-4EF8-B0A7-BF2A1D446228}.Release|Any CPU.ActiveCfg = Release|Any CPU
		{06E779E1-DAD4-4EF8-B0A7-BF2A1D446228}.Release|Any CPU.Build.0 = Release|Any CPU
		{91562FF3-2261-427D-A111-07B12A8116AA}.Debug|Any CPU.ActiveCfg = Debug|Any CPU
		{91562FF3-2261-427D-A111-07B12A8116AA}.Debug|Any CPU.Build.0 = Debug|Any CPU
		{91562FF3-2261-427D-A111-07B12A8116AA}.Debug|Any CPU.Deploy.0 = Debug|Any CPU
		{91562FF3-2261-427D-A111-07B12A8116AA}.Release|Any CPU.ActiveCfg = Release|Any CPU
		{91562FF3-2261-427D-A111-07B12A8116AA}.Release|Any CPU.Build.0 = Release|Any CPU
		{91562FF3-2261-427D-A111-07B12A8116AA}.Release|Any CPU.Deploy.0 = Release|Any CPU
	EndGlobalSection
	GlobalSection(SolutionProperties) = preSolution
		HideSolutionNode = FALSE
	EndGlobalSection
	GlobalSection(NestedProjects) = preSolution
		{CFE11E48-1F94-4211-8575-AD5A22AEC16B} = {9C280FDA-A325-4950-B4A6-33CE274C6EC2}
		{B3C3A030-1814-4DDA-A717-450DB031934A} = {502C7BF9-0688-4EB0-ADDE-BE35C207FA89}
		{5AE85D83-54C3-48FD-BB86-0EE15DC1B2C7} = {9C280FDA-A325-4950-B4A6-33CE274C6EC2}
		{9DA863F2-26A2-47F6-8A91-8E7594CE9B80} = {502C7BF9-0688-4EB0-ADDE-BE35C207FA89}
		{2600E3F3-2301-4D0B-9A95-ED9310AD3989} = {502C7BF9-0688-4EB0-ADDE-BE35C207FA89}
		{5D8FC698-B5FF-40BD-B6C7-6FC7F48E95CB} = {F24811DD-065B-4787-BA48-289E7066E8E8}
		{F24811DD-065B-4787-BA48-289E7066E8E8} = {502C7BF9-0688-4EB0-ADDE-BE35C207FA89}
		{08D0462A-723A-47AB-B3A3-1C2AE3EAAF4B} = {F24811DD-065B-4787-BA48-289E7066E8E8}
		{06E779E1-DAD4-4EF8-B0A7-BF2A1D446228} = {F24811DD-065B-4787-BA48-289E7066E8E8}
		{65AF325F-FCD5-43AB-B9CA-86CF0875C3BC} = {502C7BF9-0688-4EB0-ADDE-BE35C207FA89}
		{91562FF3-2261-427D-A111-07B12A8116AA} = {65AF325F-FCD5-43AB-B9CA-86CF0875C3BC}
	EndGlobalSection
	GlobalSection(ExtensibilityGlobals) = postSolution
		SolutionGuid = {8FCBA386-043C-4C32-82A6-14ABB78C7FEC}
	EndGlobalSection
EndGlobal
